
Microsoft Visual Studio Solution File, Format Version 12.00
# Visual Studio Version 17
VisualStudioVersion = 17.1.32421.90
MinimumVisualStudioVersion = 10.0.40219.1
Project("{FAE04EC0-301F-11D3-BF4B-00C04F79EFBC}") = "DesensibilizeJsonData", "DesensibilizeJsonData\DesensibilizeJsonData.csproj", "{46DA7058-A00E-455D-8129-509F05F2D789}"
EndProject
Global
	GlobalSection(SolutionConfigurationPlatforms) = preSolution
		Debug|Any CPU = Debug|Any CPU
		Release|Any CPU = Release|Any CPU
	EndGlobalSection
	GlobalSection(ProjectConfigurationPlatforms) = postSolution
		{46DA7058-A00E-455D-8129-509F05F2D789}.Debug|Any CPU.ActiveCfg = Debug|Any CPU
		{46DA7058-A00E-455D-8129-509F05F2D789}.Debug|Any CPU.Build.0 = Debug|Any CPU
		{46DA7058-A00E-455D-8129-509F05F2D789}.Release|Any CPU.ActiveCfg = Release|Any CPU
		{46DA7058-A00E-455D-8129-509F05F2D789}.Release|Any CPU.Build.0 = Release|Any CPU
	EndGlobalSection
	GlobalSection(SolutionProperties) = preSolution
		HideSolutionNode = FALSE
	EndGlobalSection
	GlobalSection(ExtensibilityGlobals) = postSolution
		SolutionGuid = {D55AFAFD-F0CF-4B5A-97B7-C9F99956BEAF}
	EndGlobalSection
EndGlobal
